
Microsoft Visual Studio Solution File, Format Version 12.00
# Visual Studio Version 16
VisualStudioVersion = 16.0.30011.22
MinimumVisualStudioVersion = 10.0.40219.1
Project("{FAE04EC0-301F-11D3-BF4B-00C04F79EFBC}") = "AzureDevOpsInteractiveLogin", "AzureDevOpsInteractiveLogin\AzureDevOpsInteractiveLogin.csproj", "{F081C5C6-F6AC-456D-8A2D-709E01AC547F}"
EndProject
Global
	GlobalSection(SolutionConfigurationPlatforms) = preSolution
		Debug|Any CPU = Debug|Any CPU
		Release|Any CPU = Release|Any CPU
	EndGlobalSection
	GlobalSection(ProjectConfigurationPlatforms) = postSolution
		{F081C5C6-F6AC-456D-8A2D-709E01AC547F}.Debug|Any CPU.ActiveCfg = Debug|Any CPU
		{F081C5C6-F6AC-456D-8A2D-709E01AC547F}.Debug|Any CPU.Build.0 = Debug|Any CPU
		{F081C5C6-F6AC-456D-8A2D-709E01AC547F}.Release|Any CPU.ActiveCfg = Release|Any CPU
		{F081C5C6-F6AC-456D-8A2D-709E01AC547F}.Release|Any CPU.Build.0 = Release|Any CPU
	EndGlobalSection
	GlobalSection(SolutionProperties) = preSolution
		HideSolutionNode = FALSE
	EndGlobalSection
	GlobalSection(ExtensibilityGlobals) = postSolution
		SolutionGuid = {05A04B79-2E54-47A4-AA58-208C60C334D2}
	EndGlobalSection
EndGlobal
